
Microsoft Visual Studio Solution File, Format Version 12.00
# Visual Studio Version 17
VisualStudioVersion = 17.0.32126.317
MinimumVisualStudioVersion = 10.0.40219.1
Project("{9A19103F-16F7-4668-BE54-9A1E7A4F7556}") = "GenericWebApp", "PictureRenderer.Sample.GenericWebApp\GenericWebApp.csproj", "{F95C2C43-DBF4-4A03-A2C8-C3CE6568DFEF}"
EndProject
Global
	GlobalSection(SolutionConfigurationPlatforms) = preSolution
		Debug|Any CPU = Debug|Any CPU
		Release|Any CPU = Release|Any CPU
	EndGlobalSection
	GlobalSection(ProjectConfigurationPlatforms) = postSolution
		{F95C2C43-DBF4-4A03-A2C8-C3CE6568DFEF}.Debug|Any CPU.ActiveCfg = Debug|Any CPU
		{F95C2C43-DBF4-4A03-A2C8-C3CE6568DFEF}.Debug|Any CPU.Build.0 = Debug|Any CPU
		{F95C2C43-DBF4-4A03-A2C8-C3CE6568DFEF}.Release|Any CPU.ActiveCfg = Release|Any CPU
		{F95C2C43-DBF4-4A03-A2C8-C3CE6568DFEF}.Release|Any CPU.Build.0 = Release|Any CPU
	EndGlobalSection
	GlobalSection(SolutionProperties) = preSolution
		HideSolutionNode = FALSE
	EndGlobalSection
	GlobalSection(ExtensibilityGlobals) = postSolution
		SolutionGuid = {C4A46A1B-04A3-4892-85ED-924A96A60A40}
	EndGlobalSection
EndGlobal
